
Microsoft Visual Studio Solution File, Format Version 12.00
# Visual Studio Version 16
VisualStudioVersion = 16.0.31005.135
MinimumVisualStudioVersion = 10.0.40219.1
Project("{FAE04EC0-301F-11D3-BF4B-00C04F79EFBC}") = "TP1", "TP1\TP1.csproj", "{FD4AC973-CB71-4C07-A92F-92E87DEC4492}"
EndProject
Global
	GlobalSection(SolutionConfigurationPlatforms) = preSolution
		Debug|Any CPU = Debug|Any CPU
		Release|Any CPU = Release|Any CPU
	EndGlobalSection
	GlobalSection(ProjectConfigurationPlatforms) = postSolution
		{FD4AC973-CB71-4C07-A92F-92E87DEC4492}.Debug|Any CPU.ActiveCfg = Debug|Any CPU
		{FD4AC973-CB71-4C07-A92F-92E87DEC4492}.Debug|Any CPU.Build.0 = Debug|Any CPU
		{FD4AC973-CB71-4C07-A92F-92E87DEC4492}.Release|Any CPU.ActiveCfg = Release|Any CPU
		{FD4AC973-CB71-4C07-A92F-92E87DEC4492}.Release|Any CPU.Build.0 = Release|Any CPU
	EndGlobalSection
	GlobalSection(SolutionProperties) = preSolution
		HideSolutionNode = FALSE
	EndGlobalSection
	GlobalSection(ExtensibilityGlobals) = postSolution
		SolutionGuid = {551E015F-B458-453C-8E4E-8C40BCAB1080}
	EndGlobalSection
EndGlobal
